// !$*UTF8*$!
{
	archiveVersion = 1;
	classes = {
	};
	objectVersion = 46;
	objects = {

/* Begin PBXBuildFile section */
		043AE6D41D3202CA0048C680 /* BaseViewController.m in Sources */ = {isa = PBXBuildFile; fileRef = 043AE6D31D3202CA0048C680 /* BaseViewController.m */; };
		043AE6D71D3202FB0048C680 /* LoginViewController.m in Sources */ = {isa = PBXBuildFile; fileRef = 043AE6D61D3202FB0048C680 /* LoginViewController.m */; };
		043AE6DA1D32030B0048C680 /* RegisterViewController.m in Sources */ = {isa = PBXBuildFile; fileRef = 043AE6D91D32030A0048C680 /* RegisterViewController.m */; };
		043AE6DD1D3203F90048C680 /* MyTask.storyboard in Resources */ = {isa = PBXBuildFile; fileRef = 043AE6DC1D3203F90048C680 /* MyTask.storyboard */; };
		043AE6DF1D3204090048C680 /* AllTask.storyboard in Resources */ = {isa = PBXBuildFile; fileRef = 043AE6DE1D3204090048C680 /* AllTask.storyboard */; };
		043AE6E11D3204290048C680 /* AllProject.storyboard in Resources */ = {isa = PBXBuildFile; fileRef = 043AE6E01D3204290048C680 /* AllProject.storyboard */; };
		043AE6E31D32043D0048C680 /* UserCenter.storyboard in Resources */ = {isa = PBXBuildFile; fileRef = 043AE6E21D32043D0048C680 /* UserCenter.storyboard */; };
		043AE6E61D320A040048C680 /* MyTaskViewController.m in Sources */ = {isa = PBXBuildFile; fileRef = 043AE6E51D320A040048C680 /* MyTaskViewController.m */; };
		043AE6E91D320A190048C680 /* AllTaskViewController.m in Sources */ = {isa = PBXBuildFile; fileRef = 043AE6E81D320A190048C680 /* AllTaskViewController.m */; };
		043AE6EC1D320A250048C680 /* AllProjectViewController.m in Sources */ = {isa = PBXBuildFile; fileRef = 043AE6EB1D320A250048C680 /* AllProjectViewController.m */; };
		043AE6EF1D320A310048C680 /* UserCenterViewController.m in Sources */ = {isa = PBXBuildFile; fileRef = 043AE6EE1D320A310048C680 /* UserCenterViewController.m */; };
		043AE7151D3265CB0048C680 /* AFHTTPSessionManager.m in Sources */ = {isa = PBXBuildFile; fileRef = 043AE6F61D3265CB0048C680 /* AFHTTPSessionManager.m */; };
		043AE7161D3265CB0048C680 /* AFNetworkReachabilityManager.m in Sources */ = {isa = PBXBuildFile; fileRef = 043AE6F91D3265CB0048C680 /* AFNetworkReachabilityManager.m */; };
		043AE7171D3265CB0048C680 /* AFSecurityPolicy.m in Sources */ = {isa = PBXBuildFile; fileRef = 043AE6FB1D3265CB0048C680 /* AFSecurityPolicy.m */; };
		043AE7181D3265CB0048C680 /* AFURLRequestSerialization.m in Sources */ = {isa = PBXBuildFile; fileRef = 043AE6FD1D3265CB0048C680 /* AFURLRequestSerialization.m */; };
		043AE7191D3265CB0048C680 /* AFURLResponseSerialization.m in Sources */ = {isa = PBXBuildFile; fileRef = 043AE6FF1D3265CB0048C680 /* AFURLResponseSerialization.m */; };
		043AE71A1D3265CB0048C680 /* AFURLSessionManager.m in Sources */ = {isa = PBXBuildFile; fileRef = 043AE7011D3265CB0048C680 /* AFURLSessionManager.m */; };
		043AE71B1D3265CB0048C680 /* FMDatabase.m in Sources */ = {isa = PBXBuildFile; fileRef = 043AE7041D3265CB0048C680 /* FMDatabase.m */; };
		043AE71C1D3265CB0048C680 /* FMDatabaseAdditions.m in Sources */ = {isa = PBXBuildFile; fileRef = 043AE7061D3265CB0048C680 /* FMDatabaseAdditions.m */; };
		043AE71D1D3265CB0048C680 /* FMDatabasePool.m in Sources */ = {isa = PBXBuildFile; fileRef = 043AE7081D3265CB0048C680 /* FMDatabasePool.m */; };
		043AE71E1D3265CB0048C680 /* FMDatabaseQueue.m in Sources */ = {isa = PBXBuildFile; fileRef = 043AE70A1D3265CB0048C680 /* FMDatabaseQueue.m */; };
		043AE71F1D3265CB0048C680 /* FMResultSet.m in Sources */ = {isa = PBXBuildFile; fileRef = 043AE70D1D3265CB0048C680 /* FMResultSet.m */; };
		043AE7201D3265CB0048C680 /* Info.plist in Resources */ = {isa = PBXBuildFile; fileRef = 043AE70E1D3265CB0048C680 /* Info.plist */; };
		043AE7211D3265CB0048C680 /* MBProgressHUD+MJ.m in Sources */ = {isa = PBXBuildFile; fileRef = 043AE7111D3265CB0048C680 /* MBProgressHUD+MJ.m */; };
		043AE7221D3265CB0048C680 /* MBProgressHUD.bundle in Resources */ = {isa = PBXBuildFile; fileRef = 043AE7121D3265CB0048C680 /* MBProgressHUD.bundle */; };
		043AE7231D3265CB0048C680 /* MBProgressHUD.m in Sources */ = {isa = PBXBuildFile; fileRef = 043AE7141D3265CB0048C680 /* MBProgressHUD.m */; };
		043AE72B1D32859D0048C680 /* TTTAttributedLabel.m in Sources */ = {isa = PBXBuildFile; fileRef = 043AE72A1D32859D0048C680 /* TTTAttributedLabel.m */; };
		043AE72E1D32A6920048C680 /* AddProjectViewController.m in Sources */ = {isa = PBXBuildFile; fileRef = 043AE72D1D32A6920048C680 /* AddProjectViewController.m */; };
		04935FBF1D30B6E800AC3D07 /* ViewController.m in Sources */ = {isa = PBXBuildFile; fileRef = 04935FBE1D30B6E800AC3D07 /* ViewController.m */; };
		04935FC21D30B6FD00AC3D07 /* RootTabBarController.m in Sources */ = {isa = PBXBuildFile; fileRef = 04935FC11D30B6FD00AC3D07 /* RootTabBarController.m */; };
		04B4AEB41D30AABE002AE7FF /* Podfile in Resources */ = {isa = PBXBuildFile; fileRef = 04B4AEB31D30AABE002AE7FF /* Podfile */; };
		14B4B34C1D2F80D5000C000A /* main.m in Sources */ = {isa = PBXBuildFile; fileRef = 14B4B34B1D2F80D5000C000A /* main.m */; };
		14B4B34F1D2F80D5000C000A /* AppDelegate.m in Sources */ = {isa = PBXBuildFile; fileRef = 14B4B34E1D2F80D5000C000A /* AppDelegate.m */; };
		14B4B3551D2F80D5000C000A /* Main.storyboard in Resources */ = {isa = PBXBuildFile; fileRef = 14B4B3531D2F80D5000C000A /* Main.storyboard */; };
		14B4B3571D2F80D5000C000A /* Images.xcassets in Resources */ = {isa = PBXBuildFile; fileRef = 14B4B3561D2F80D5000C000A /* Images.xcassets */; };
		14B4B35A1D2F80D5000C000A /* LaunchScreen.xib in Resources */ = {isa = PBXBuildFile; fileRef = 14B4B3581D2F80D5000C000A /* LaunchScreen.xib */; };
		14B4B3661D2F80D5000C000A /* PMSTests.m in Sources */ = {isa = PBXBuildFile; fileRef = 14B4B3651D2F80D5000C000A /* PMSTests.m */; };
		14B4B3701D2F837E000C000A /* Login.storyboard in Resources */ = {isa = PBXBuildFile; fileRef = 14B4B36F1D2F837E000C000A /* Login.storyboard */; };
		A6DB332A5DB68647B34A38C1 /* libPods-PMS.a in Frameworks */ = {isa = PBXBuildFile; fileRef = 6058B13DEBC5695625BE1998 /* libPods-PMS.a */; };
/* End PBXBuildFile section */

/* Begin PBXContainerItemProxy section */
		14B4B3601D2F80D5000C000A /* PBXContainerItemProxy */ = {
			isa = PBXContainerItemProxy;
			containerPortal = 14B4B33E1D2F80D5000C000A /* Project object */;
			proxyType = 1;
			remoteGlobalIDString = 14B4B3451D2F80D5000C000A;
			remoteInfo = PMS;
		};
/* End PBXContainerItemProxy section */

/* Begin PBXFileReference section */
		043AE6D21D3202CA0048C680 /* BaseViewController.h */ = {isa = PBXFileReference; fileEncoding = 4; lastKnownFileType = sourcecode.c.h; path = BaseViewController.h; sourceTree = "<group>"; };
		043AE6D31D3202CA0048C680 /* BaseViewController.m */ = {isa = PBXFileReference; fileEncoding = 4; lastKnownFileType = sourcecode.c.objc; path = BaseViewController.m; sourceTree = "<group>"; };
		043AE6D51D3202FB0048C680 /* LoginViewController.h */ = {isa = PBXFileReference; fileEncoding = 4; lastKnownFileType = sourcecode.c.h; path = LoginViewController.h; sourceTree = "<group>"; };
		043AE6D61D3202FB0048C680 /* LoginViewController.m */ = {isa = PBXFileReference; fileEncoding = 4; lastKnownFileType = sourcecode.c.objc; path = LoginViewController.m; sourceTree = "<group>"; };
		043AE6D81D32030A0048C680 /* RegisterViewController.h */ = {isa = PBXFileReference; fileEncoding = 4; lastKnownFileType = sourcecode.c.h; path = RegisterViewController.h; sourceTree = "<group>"; };
		043AE6D91D32030A0048C680 /* RegisterViewController.m */ = {isa = PBXFileReference; fileEncoding = 4; lastKnownFileType = sourcecode.c.objc; path = RegisterViewController.m; sourceTree = "<group>"; };
		043AE6DC1D3203F90048C680 /* MyTask.storyboard */ = {isa = PBXFileReference; fileEncoding = 4; lastKnownFileType = file.storyboard; path = MyTask.storyboard; sourceTree = "<group>"; };
		043AE6DE1D3204090048C680 /* AllTask.storyboard */ = {isa = PBXFileReference; fileEncoding = 4; lastKnownFileType = file.storyboard; path = AllTask.storyboard; sourceTree = "<group>"; };
		043AE6E01D3204290048C680 /* AllProject.storyboard */ = {isa = PBXFileReference; fileEncoding = 4; lastKnownFileType = file.storyboard; path = AllProject.storyboard; sourceTree = "<group>"; };
		043AE6E21D32043D0048C680 /* UserCenter.storyboard */ = {isa = PBXFileReference; fileEncoding = 4; lastKnownFileType = file.storyboard; path = UserCenter.storyboard; sourceTree = "<group>"; };
		043AE6E41D320A040048C680 /* MyTaskViewController.h */ = {isa = PBXFileReference; fileEncoding = 4; lastKnownFileType = sourcecode.c.h; path = MyTaskViewController.h; sourceTree = "<group>"; };
		043AE6E51D320A040048C680 /* MyTaskViewController.m */ = {isa = PBXFileReference; fileEncoding = 4; lastKnownFileType = sourcecode.c.objc; path = MyTaskViewController.m; sourceTree = "<group>"; };
		043AE6E71D320A190048C680 /* AllTaskViewController.h */ = {isa = PBXFileReference; fileEncoding = 4; lastKnownFileType = sourcecode.c.h; path = AllTaskViewController.h; sourceTree = "<group>"; };
		043AE6E81D320A190048C680 /* AllTaskViewController.m */ = {isa = PBXFileReference; fileEncoding = 4; lastKnownFileType = sourcecode.c.objc; path = AllTaskViewController.m; sourceTree = "<group>"; };
		043AE6EA1D320A250048C680 /* AllProjectViewController.h */ = {isa = PBXFileReference; fileEncoding = 4; lastKnownFileType = sourcecode.c.h; path = AllProjectViewController.h; sourceTree = "<group>"; };
		043AE6EB1D320A250048C680 /* AllProjectViewController.m */ = {isa = PBXFileReference; fileEncoding = 4; lastKnownFileType = sourcecode.c.objc; path = AllProjectViewController.m; sourceTree = "<group>"; };
		043AE6ED1D320A310048C680 /* UserCenterViewController.h */ = {isa = PBXFileReference; fileEncoding = 4; lastKnownFileType = sourcecode.c.h; path = UserCenterViewController.h; sourceTree = "<group>"; };
		043AE6EE1D320A310048C680 /* UserCenterViewController.m */ = {isa = PBXFileReference; fileEncoding = 4; lastKnownFileType = sourcecode.c.objc; path = UserCenterViewController.m; sourceTree = "<group>"; };
		043AE6F51D3265CB0048C680 /* AFHTTPSessionManager.h */ = {isa = PBXFileReference; fileEncoding = 4; lastKnownFileType = sourcecode.c.h; path = AFHTTPSessionManager.h; sourceTree = "<group>"; };
		043AE6F61D3265CB0048C680 /* AFHTTPSessionManager.m */ = {isa = PBXFileReference; fileEncoding = 4; lastKnownFileType = sourcecode.c.objc; path = AFHTTPSessionManager.m; sourceTree = "<group>"; };
		043AE6F71D3265CB0048C680 /* AFNetworking.h */ = {isa = PBXFileReference; fileEncoding = 4; lastKnownFileType = sourcecode.c.h; path = AFNetworking.h; sourceTree = "<group>"; };
		043AE6F81D3265CB0048C680 /* AFNetworkReachabilityManager.h */ = {isa = PBXFileReference; fileEncoding = 4; lastKnownFileType = sourcecode.c.h; path = AFNetworkReachabilityManager.h; sourceTree = "<group>"; };
		043AE6F91D3265CB0048C680 /* AFNetworkReachabilityManager.m */ = {isa = PBXFileReference; fileEncoding = 4; lastKnownFileType = sourcecode.c.objc; path = AFNetworkReachabilityManager.m; sourceTree = "<group>"; };
		043AE6FA1D3265CB0048C680 /* AFSecurityPolicy.h */ = {isa = PBXFileReference; fileEncoding = 4; lastKnownFileType = sourcecode.c.h; path = AFSecurityPolicy.h; sourceTree = "<group>"; };
		043AE6FB1D3265CB0048C680 /* AFSecurityPolicy.m */ = {isa = PBXFileReference; fileEncoding = 4; lastKnownFileType = sourcecode.c.objc; path = AFSecurityPolicy.m; sourceTree = "<group>"; };
		043AE6FC1D3265CB0048C680 /* AFURLRequestSerialization.h */ = {isa = PBXFileReference; fileEncoding = 4; lastKnownFileType = sourcecode.c.h; path = AFURLRequestSerialization.h; sourceTree = "<group>"; };
		043AE6FD1D3265CB0048C680 /* AFURLRequestSerialization.m */ = {isa = PBXFileReference; fileEncoding = 4; lastKnownFileType = sourcecode.c.objc; path = AFURLRequestSerialization.m; sourceTree = "<group>"; };
		043AE6FE1D3265CB0048C680 /* AFURLResponseSerialization.h */ = {isa = PBXFileReference; fileEncoding = 4; lastKnownFileType = sourcecode.c.h; path = AFURLResponseSerialization.h; sourceTree = "<group>"; };
		043AE6FF1D3265CB0048C680 /* AFURLResponseSerialization.m */ = {isa = PBXFileReference; fileEncoding = 4; lastKnownFileType = sourcecode.c.objc; path = AFURLResponseSerialization.m; sourceTree = "<group>"; };
		043AE7001D3265CB0048C680 /* AFURLSessionManager.h */ = {isa = PBXFileReference; fileEncoding = 4; lastKnownFileType = sourcecode.c.h; path = AFURLSessionManager.h; sourceTree = "<group>"; };
		043AE7011D3265CB0048C680 /* AFURLSessionManager.m */ = {isa = PBXFileReference; fileEncoding = 4; lastKnownFileType = sourcecode.c.objc; path = AFURLSessionManager.m; sourceTree = "<group>"; };
		043AE7031D3265CB0048C680 /* FMDatabase.h */ = {isa = PBXFileReference; fileEncoding = 4; lastKnownFileType = sourcecode.c.h; path = FMDatabase.h; sourceTree = "<group>"; };
		043AE7041D3265CB0048C680 /* FMDatabase.m */ = {isa = PBXFileReference; fileEncoding = 4; lastKnownFileType = sourcecode.c.objc; path = FMDatabase.m; sourceTree = "<group>"; };
		043AE7051D3265CB0048C680 /* FMDatabaseAdditions.h */ = {isa = PBXFileReference; fileEncoding = 4; lastKnownFileType = sourcecode.c.h; path = FMDatabaseAdditions.h; sourceTree = "<group>"; };
		043AE7061D3265CB0048C680 /* FMDatabaseAdditions.m */ = {isa = PBXFileReference; fileEncoding = 4; lastKnownFileType = sourcecode.c.objc; path = FMDatabaseAdditions.m; sourceTree = "<group>"; };
		043AE7071D3265CB0048C680 /* FMDatabasePool.h */ = {isa = PBXFileReference; fileEncoding = 4; lastKnownFileType = sourcecode.c.h; path = FMDatabasePool.h; sourceTree = "<group>"; };
		043AE7081D3265CB0048C680 /* FMDatabasePool.m */ = {isa = PBXFileReference; fileEncoding = 4; lastKnownFileType = sourcecode.c.objc; path = FMDatabasePool.m; sourceTree = "<group>"; };
		043AE7091D3265CB0048C680 /* FMDatabaseQueue.h */ = {isa = PBXFileReference; fileEncoding = 4; lastKnownFileType = sourcecode.c.h; path = FMDatabaseQueue.h; sourceTree = "<group>"; };
		043AE70A1D3265CB0048C680 /* FMDatabaseQueue.m */ = {isa = PBXFileReference; fileEncoding = 4; lastKnownFileType = sourcecode.c.objc; path = FMDatabaseQueue.m; sourceTree = "<group>"; };
		043AE70B1D3265CB0048C680 /* FMDB.h */ = {isa = PBXFileReference; fileEncoding = 4; lastKnownFileType = sourcecode.c.h; path = FMDB.h; sourceTree = "<group>"; };
		043AE70C1D3265CB0048C680 /* FMResultSet.h */ = {isa = PBXFileReference; fileEncoding = 4; lastKnownFileType = sourcecode.c.h; path = FMResultSet.h; sourceTree = "<group>"; };
		043AE70D1D3265CB0048C680 /* FMResultSet.m */ = {isa = PBXFileReference; fileEncoding = 4; lastKnownFileType = sourcecode.c.objc; path = FMResultSet.m; sourceTree = "<group>"; };
		043AE70E1D3265CB0048C680 /* Info.plist */ = {isa = PBXFileReference; fileEncoding = 4; lastKnownFileType = text.plist.xml; path = Info.plist; sourceTree = "<group>"; };
		043AE7101D3265CB0048C680 /* MBProgressHUD+MJ.h */ = {isa = PBXFileReference; fileEncoding = 4; lastKnownFileType = sourcecode.c.h; path = "MBProgressHUD+MJ.h"; sourceTree = "<group>"; };
		043AE7111D3265CB0048C680 /* MBProgressHUD+MJ.m */ = {isa = PBXFileReference; fileEncoding = 4; lastKnownFileType = sourcecode.c.objc; path = "MBProgressHUD+MJ.m"; sourceTree = "<group>"; };
		043AE7121D3265CB0048C680 /* MBProgressHUD.bundle */ = {isa = PBXFileReference; lastKnownFileType = "wrapper.plug-in"; path = MBProgressHUD.bundle; sourceTree = "<group>"; };
		043AE7131D3265CB0048C680 /* MBProgressHUD.h */ = {isa = PBXFileReference; fileEncoding = 4; lastKnownFileType = sourcecode.c.h; path = MBProgressHUD.h; sourceTree = "<group>"; };
		043AE7141D3265CB0048C680 /* MBProgressHUD.m */ = {isa = PBXFileReference; fileEncoding = 4; lastKnownFileType = sourcecode.c.objc; path = MBProgressHUD.m; sourceTree = "<group>"; };
		043AE7291D32859D0048C680 /* TTTAttributedLabel.h */ = {isa = PBXFileReference; fileEncoding = 4; lastKnownFileType = sourcecode.c.h; path = TTTAttributedLabel.h; sourceTree = "<group>"; };
		043AE72A1D32859D0048C680 /* TTTAttributedLabel.m */ = {isa = PBXFileReference; fileEncoding = 4; lastKnownFileType = sourcecode.c.objc; path = TTTAttributedLabel.m; sourceTree = "<group>"; };
		043AE72C1D32A6920048C680 /* AddProjectViewController.h */ = {isa = PBXFileReference; fileEncoding = 4; lastKnownFileType = sourcecode.c.h; path = AddProjectViewController.h; sourceTree = "<group>"; };
		043AE72D1D32A6920048C680 /* AddProjectViewController.m */ = {isa = PBXFileReference; fileEncoding = 4; lastKnownFileType = sourcecode.c.objc; path = AddProjectViewController.m; sourceTree = "<group>"; };
		04935FBD1D30B6E800AC3D07 /* ViewController.h */ = {isa = PBXFileReference; fileEncoding = 4; lastKnownFileType = sourcecode.c.h; path = ViewController.h; sourceTree = "<group>"; };
		04935FBE1D30B6E800AC3D07 /* ViewController.m */ = {isa = PBXFileReference; fileEncoding = 4; lastKnownFileType = sourcecode.c.objc; path = ViewController.m; sourceTree = "<group>"; };
		04935FC01D30B6FD00AC3D07 /* RootTabBarController.h */ = {isa = PBXFileReference; fileEncoding = 4; lastKnownFileType = sourcecode.c.h; path = RootTabBarController.h; sourceTree = "<group>"; };
		04935FC11D30B6FD00AC3D07 /* RootTabBarController.m */ = {isa = PBXFileReference; fileEncoding = 4; lastKnownFileType = sourcecode.c.objc; path = RootTabBarController.m; sourceTree = "<group>"; };
		04935FC31D30B8DA00AC3D07 /* BmobIMDemoPCH.h */ = {isa = PBXFileReference; lastKnownFileType = sourcecode.c.h; path = BmobIMDemoPCH.h; sourceTree = "<group>"; };
		04B4AEB31D30AABE002AE7FF /* Podfile */ = {isa = PBXFileReference; fileEncoding = 4; lastKnownFileType = text; path = Podfile; sourceTree = "<group>"; xcLanguageSpecificationIdentifier = xcode.lang.ruby; };
		14B4B3461D2F80D5000C000A /* PMS.app */ = {isa = PBXFileReference; explicitFileType = wrapper.application; includeInIndex = 0; path = PMS.app; sourceTree = BUILT_PRODUCTS_DIR; };
		14B4B34A1D2F80D5000C000A /* Info.plist */ = {isa = PBXFileReference; lastKnownFileType = text.plist.xml; path = Info.plist; sourceTree = "<group>"; };
		14B4B34B1D2F80D5000C000A /* main.m */ = {isa = PBXFileReference; lastKnownFileType = sourcecode.c.objc; path = main.m; sourceTree = "<group>"; };
		14B4B34D1D2F80D5000C000A /* AppDelegate.h */ = {isa = PBXFileReference; lastKnownFileType = sourcecode.c.h; path = AppDelegate.h; sourceTree = "<group>"; };
		14B4B34E1D2F80D5000C000A /* AppDelegate.m */ = {isa = PBXFileReference; lastKnownFileType = sourcecode.c.objc; path = AppDelegate.m; sourceTree = "<group>"; };
		14B4B3541D2F80D5000C000A /* Base */ = {isa = PBXFileReference; lastKnownFileType = file.storyboard; name = Base; path = Base.lproj/Main.storyboard; sourceTree = "<group>"; };
		14B4B3561D2F80D5000C000A /* Images.xcassets */ = {isa = PBXFileReference; lastKnownFileType = folder.assetcatalog; path = Images.xcassets; sourceTree = "<group>"; };
		14B4B3591D2F80D5000C000A /* Base */ = {isa = PBXFileReference; lastKnownFileType = file.xib; name = Base; path = Base.lproj/LaunchScreen.xib; sourceTree = "<group>"; };
		14B4B35F1D2F80D5000C000A /* PMSTests.xctest */ = {isa = PBXFileReference; explicitFileType = wrapper.cfbundle; includeInIndex = 0; path = PMSTests.xctest; sourceTree = BUILT_PRODUCTS_DIR; };
		14B4B3641D2F80D5000C000A /* Info.plist */ = {isa = PBXFileReference; lastKnownFileType = text.plist.xml; path = Info.plist; sourceTree = "<group>"; };
		14B4B3651D2F80D5000C000A /* PMSTests.m */ = {isa = PBXFileReference; lastKnownFileType = sourcecode.c.objc; path = PMSTests.m; sourceTree = "<group>"; };
		14B4B36F1D2F837E000C000A /* Login.storyboard */ = {isa = PBXFileReference; fileEncoding = 4; lastKnownFileType = file.storyboard; path = Login.storyboard; sourceTree = "<group>"; };
		6058B13DEBC5695625BE1998 /* libPods-PMS.a */ = {isa = PBXFileReference; explicitFileType = archive.ar; includeInIndex = 0; path = "libPods-PMS.a"; sourceTree = BUILT_PRODUCTS_DIR; };
		70E4FA30ADF3F7D196F8D03A /* Pods-PMS.debug.xcconfig */ = {isa = PBXFileReference; includeInIndex = 1; lastKnownFileType = text.xcconfig; name = "Pods-PMS.debug.xcconfig"; path = "Pods/Target Support Files/Pods-PMS/Pods-PMS.debug.xcconfig"; sourceTree = "<group>"; };
		D18DDCEBE6DBF1F34658A594 /* Pods-PMS.release.xcconfig */ = {isa = PBXFileReference; includeInIndex = 1; lastKnownFileType = text.xcconfig; name = "Pods-PMS.release.xcconfig"; path = "Pods/Target Support Files/Pods-PMS/Pods-PMS.release.xcconfig"; sourceTree = "<group>"; };
/* End PBXFileReference section */

/* Begin PBXFrameworksBuildPhase section */
		14B4B3431D2F80D5000C000A /* Frameworks */ = {
			isa = PBXFrameworksBuildPhase;
			buildActionMask = 2147483647;
			files = (
				A6DB332A5DB68647B34A38C1 /* libPods-PMS.a in Frameworks */,
			);
			runOnlyForDeploymentPostprocessing = 0;
		};
		14B4B35C1D2F80D5000C000A /* Frameworks */ = {
			isa = PBXFrameworksBuildPhase;
			buildActionMask = 2147483647;
			files = (
			);
			runOnlyForDeploymentPostprocessing = 0;
		};
/* End PBXFrameworksBuildPhase section */

/* Begin PBXGroup section */
		043AE6DB1D32031A0048C680 /* Login */ = {
			isa = PBXGroup;
			children = (
				14B4B36F1D2F837E000C000A /* Login.storyboard */,
				043AE6D51D3202FB0048C680 /* LoginViewController.h */,
				043AE6D61D3202FB0048C680 /* LoginViewController.m */,
				043AE6D81D32030A0048C680 /* RegisterViewController.h */,
				043AE6D91D32030A0048C680 /* RegisterViewController.m */,
			);
			name = Login;
			sourceTree = "<group>";
		};
		043AE6F01D320A470048C680 /* User */ = {
			isa = PBXGroup;
			children = (
				043AE6E21D32043D0048C680 /* UserCenter.storyboard */,
				043AE6ED1D320A310048C680 /* UserCenterViewController.h */,
				043AE6EE1D320A310048C680 /* UserCenterViewController.m */,
			);
			name = User;
			sourceTree = "<group>";
		};
		043AE6F11D320A560048C680 /* Project */ = {
			isa = PBXGroup;
			children = (
				043AE6E01D3204290048C680 /* AllProject.storyboard */,
				043AE72C1D32A6920048C680 /* AddProjectViewController.h */,
				043AE72D1D32A6920048C680 /* AddProjectViewController.m */,
				043AE6EA1D320A250048C680 /* AllProjectViewController.h */,
				043AE6EB1D320A250048C680 /* AllProjectViewController.m */,
			);
			name = Project;
			sourceTree = "<group>";
		};
		043AE6F21D320A730048C680 /* Task */ = {
			isa = PBXGroup;
			children = (
				043AE6DE1D3204090048C680 /* AllTask.storyboard */,
				043AE6E71D320A190048C680 /* AllTaskViewController.h */,
				043AE6E81D320A190048C680 /* AllTaskViewController.m */,
			);
			name = Task;
			sourceTree = "<group>";
		};
		043AE6F31D320A7C0048C680 /* MyTask */ = {
			isa = PBXGroup;
			children = (
				043AE6DC1D3203F90048C680 /* MyTask.storyboard */,
				043AE6E41D320A040048C680 /* MyTaskViewController.h */,
				043AE6E51D320A040048C680 /* MyTaskViewController.m */,
			);
			name = MyTask;
			sourceTree = "<group>";
		};
		043AE6F41D3265CB0048C680 /* AFNetworking */ = {
			isa = PBXGroup;
			children = (
				043AE6F51D3265CB0048C680 /* AFHTTPSessionManager.h */,
				043AE6F61D3265CB0048C680 /* AFHTTPSessionManager.m */,
				043AE6F71D3265CB0048C680 /* AFNetworking.h */,
				043AE6F81D3265CB0048C680 /* AFNetworkReachabilityManager.h */,
				043AE6F91D3265CB0048C680 /* AFNetworkReachabilityManager.m */,
				043AE6FA1D3265CB0048C680 /* AFSecurityPolicy.h */,
				043AE6FB1D3265CB0048C680 /* AFSecurityPolicy.m */,
				043AE6FC1D3265CB0048C680 /* AFURLRequestSerialization.h */,
				043AE6FD1D3265CB0048C680 /* AFURLRequestSerialization.m */,
				043AE6FE1D3265CB0048C680 /* AFURLResponseSerialization.h */,
				043AE6FF1D3265CB0048C680 /* AFURLResponseSerialization.m */,
				043AE7001D3265CB0048C680 /* AFURLSessionManager.h */,
				043AE7011D3265CB0048C680 /* AFURLSessionManager.m */,
			);
			path = AFNetworking;
			sourceTree = "<group>";
		};
		043AE7021D3265CB0048C680 /* fmdb */ = {
			isa = PBXGroup;
			children = (
				043AE7031D3265CB0048C680 /* FMDatabase.h */,
				043AE7041D3265CB0048C680 /* FMDatabase.m */,
				043AE7051D3265CB0048C680 /* FMDatabaseAdditions.h */,
				043AE7061D3265CB0048C680 /* FMDatabaseAdditions.m */,
				043AE7071D3265CB0048C680 /* FMDatabasePool.h */,
				043AE7081D3265CB0048C680 /* FMDatabasePool.m */,
				043AE7091D3265CB0048C680 /* FMDatabaseQueue.h */,
				043AE70A1D3265CB0048C680 /* FMDatabaseQueue.m */,
				043AE70B1D3265CB0048C680 /* FMDB.h */,
				043AE70C1D3265CB0048C680 /* FMResultSet.h */,
				043AE70D1D3265CB0048C680 /* FMResultSet.m */,
				043AE70E1D3265CB0048C680 /* Info.plist */,
			);
			path = fmdb;
			sourceTree = "<group>";
		};
		043AE70F1D3265CB0048C680 /* MBProgressHUD */ = {
			isa = PBXGroup;
			children = (
				043AE7101D3265CB0048C680 /* MBProgressHUD+MJ.h */,
				043AE7111D3265CB0048C680 /* MBProgressHUD+MJ.m */,
				043AE7121D3265CB0048C680 /* MBProgressHUD.bundle */,
				043AE7131D3265CB0048C680 /* MBProgressHUD.h */,
				043AE7141D3265CB0048C680 /* MBProgressHUD.m */,
			);
			path = MBProgressHUD;
			sourceTree = "<group>";
		};
		043AE7241D32662C0048C680 /* viewController */ = {
			isa = PBXGroup;
			children = (
				043AE6D21D3202CA0048C680 /* BaseViewController.h */,
				043AE6D31D3202CA0048C680 /* BaseViewController.m */,
				04935FC01D30B6FD00AC3D07 /* RootTabBarController.h */,
				04935FC11D30B6FD00AC3D07 /* RootTabBarController.m */,
				043AE6F31D320A7C0048C680 /* MyTask */,
				043AE6F21D320A730048C680 /* Task */,
				043AE6F11D320A560048C680 /* Project */,
				043AE6F01D320A470048C680 /* User */,
				043AE6DB1D32031A0048C680 /* Login */,
			);
			name = viewController;
			sourceTree = "<group>";
		};
		043AE7281D32859D0048C680 /* TTTAttributedLabel */ = {
			isa = PBXGroup;
			children = (
				043AE7291D32859D0048C680 /* TTTAttributedLabel.h */,
				043AE72A1D32859D0048C680 /* TTTAttributedLabel.m */,
			);
			path = TTTAttributedLabel;
			sourceTree = "<group>";
		};
		14B4B33D1D2F80D5000C000A = {
			isa = PBXGroup;
			children = (
				04B4AEB31D30AABE002AE7FF /* Podfile */,
				14B4B3481D2F80D5000C000A /* PMS */,
				14B4B3621D2F80D5000C000A /* PMSTests */,
				14B4B3471D2F80D5000C000A /* Products */,
				4A1AD462683DDED4725DEFFA /* Pods */,
				32822FEFF3EE5F07C8A5F162 /* Frameworks */,
			);
			sourceTree = "<group>";
		};
		14B4B3471D2F80D5000C000A /* Products */ = {
			isa = PBXGroup;
			children = (
				14B4B3461D2F80D5000C000A /* PMS.app */,
				14B4B35F1D2F80D5000C000A /* PMSTests.xctest */,
			);
			name = Products;
			sourceTree = "<group>";
		};
		14B4B3481D2F80D5000C000A /* PMS */ = {
			isa = PBXGroup;
			children = (
				04935FC31D30B8DA00AC3D07 /* BmobIMDemoPCH.h */,
				043AE7241D32662C0048C680 /* viewController */,
				14B4B34D1D2F80D5000C000A /* AppDelegate.h */,
				14B4B34E1D2F80D5000C000A /* AppDelegate.m */,
				14B4B3531D2F80D5000C000A /* Main.storyboard */,
				04935FBD1D30B6E800AC3D07 /* ViewController.h */,
				04935FBE1D30B6E800AC3D07 /* ViewController.m */,
				14B4B3561D2F80D5000C000A /* Images.xcassets */,
				14B4B3581D2F80D5000C000A /* LaunchScreen.xib */,
				043AE7281D32859D0048C680 /* TTTAttributedLabel */,
				14B4B3491D2F80D5000C000A /* Supporting Files */,
			);
			path = PMS;
			sourceTree = "<group>";
		};
		14B4B3491D2F80D5000C000A /* Supporting Files */ = {
			isa = PBXGroup;
			children = (
				14B4B34A1D2F80D5000C000A /* Info.plist */,
				14B4B34B1D2F80D5000C000A /* main.m */,
			);
			name = "Supporting Files";
			sourceTree = "<group>";
		};
		14B4B3621D2F80D5000C000A /* PMSTests */ = {
			isa = PBXGroup;
			children = (
				14B4B3651D2F80D5000C000A /* PMSTests.m */,
				14B4B3631D2F80D5000C000A /* Supporting Files */,
			);
			path = PMSTests;
			sourceTree = "<group>";
		};
		14B4B3631D2F80D5000C000A /* Supporting Files */ = {
			isa = PBXGroup;
			children = (
				14B4B3641D2F80D5000C000A /* Info.plist */,
			);
			name = "Supporting Files";
			sourceTree = "<group>";
		};
		32822FEFF3EE5F07C8A5F162 /* Frameworks */ = {
			isa = PBXGroup;
			children = (
				043AE6F41D3265CB0048C680 /* AFNetworking */,
				043AE7021D3265CB0048C680 /* fmdb */,
				043AE70F1D3265CB0048C680 /* MBProgressHUD */,
				6058B13DEBC5695625BE1998 /* libPods-PMS.a */,
			);
			name = Frameworks;
			sourceTree = "<group>";
		};
		4A1AD462683DDED4725DEFFA /* Pods */ = {
			isa = PBXGroup;
			children = (
				70E4FA30ADF3F7D196F8D03A /* Pods-PMS.debug.xcconfig */,
				D18DDCEBE6DBF1F34658A594 /* Pods-PMS.release.xcconfig */,
			);
			name = Pods;
			sourceTree = "<group>";
		};
/* End PBXGroup section */

/* Begin PBXNativeTarget section */
		14B4B3451D2F80D5000C000A /* PMS */ = {
			isa = PBXNativeTarget;
			buildConfigurationList = 14B4B3691D2F80D5000C000A /* Build configuration list for PBXNativeTarget "PMS" */;
			buildPhases = (
				BAE267E30F58B6FB9B33D0D7 /* [CP] Check Pods Manifest.lock */,
				14B4B3421D2F80D5000C000A /* Sources */,
				14B4B3431D2F80D5000C000A /* Frameworks */,
				14B4B3441D2F80D5000C000A /* Resources */,
				2CF06115757925E8F7BB4DD3 /* [CP] Embed Pods Frameworks */,
				B39061CE8AFFA975E8A50189 /* [CP] Copy Pods Resources */,
			);
			buildRules = (
			);
			dependencies = (
			);
			name = PMS;
			productName = PMS;
			productReference = 14B4B3461D2F80D5000C000A /* PMS.app */;
			productType = "com.apple.product-type.application";
		};
		14B4B35E1D2F80D5000C000A /* PMSTests */ = {
			isa = PBXNativeTarget;
			buildConfigurationList = 14B4B36C1D2F80D5000C000A /* Build configuration list for PBXNativeTarget "PMSTests" */;
			buildPhases = (
				14B4B35B1D2F80D5000C000A /* Sources */,
				14B4B35C1D2F80D5000C000A /* Frameworks */,
				14B4B35D1D2F80D5000C000A /* Resources */,
			);
			buildRules = (
			);
			dependencies = (
				14B4B3611D2F80D5000C000A /* PBXTargetDependency */,
			);
			name = PMSTests;
			productName = PMSTests;
			productReference = 14B4B35F1D2F80D5000C000A /* PMSTests.xctest */;
			productType = "com.apple.product-type.bundle.unit-test";
		};
/* End PBXNativeTarget section */

/* Begin PBXProject section */
		14B4B33E1D2F80D5000C000A /* Project object */ = {
			isa = PBXProject;
			attributes = {
				LastUpgradeCheck = 0640;
				ORGANIZATIONNAME = itjz;
				TargetAttributes = {
					14B4B3451D2F80D5000C000A = {
						CreatedOnToolsVersion = 6.4;
					};
					14B4B35E1D2F80D5000C000A = {
						CreatedOnToolsVersion = 6.4;
						TestTargetID = 14B4B3451D2F80D5000C000A;
					};
				};
			};
			buildConfigurationList = 14B4B3411D2F80D5000C000A /* Build configuration list for PBXProject "PMS" */;
			compatibilityVersion = "Xcode 3.2";
			developmentRegion = English;
			hasScannedForEncodings = 0;
			knownRegions = (
				en,
				Base,
			);
			mainGroup = 14B4B33D1D2F80D5000C000A;
			productRefGroup = 14B4B3471D2F80D5000C000A /* Products */;
			projectDirPath = "";
			projectRoot = "";
			targets = (
				14B4B3451D2F80D5000C000A /* PMS */,
				14B4B35E1D2F80D5000C000A /* PMSTests */,
			);
		};
/* End PBXProject section */

/* Begin PBXResourcesBuildPhase section */
		14B4B3441D2F80D5000C000A /* Resources */ = {
			isa = PBXResourcesBuildPhase;
			buildActionMask = 2147483647;
			files = (
				04B4AEB41D30AABE002AE7FF /* Podfile in Resources */,
				14B4B3701D2F837E000C000A /* Login.storyboard in Resources */,
				14B4B3551D2F80D5000C000A /* Main.storyboard in Resources */,
				043AE7221D3265CB0048C680 /* MBProgressHUD.bundle in Resources */,
				14B4B35A1D2F80D5000C000A /* LaunchScreen.xib in Resources */,
				043AE6E11D3204290048C680 /* AllProject.storyboard in Resources */,
				14B4B3571D2F80D5000C000A /* Images.xcassets in Resources */,
				043AE6DD1D3203F90048C680 /* MyTask.storyboard in Resources */,
				043AE6DF1D3204090048C680 /* AllTask.storyboard in Resources */,
				043AE7201D3265CB0048C680 /* Info.plist in Resources */,
				043AE6E31D32043D0048C680 /* UserCenter.storyboard in Resources */,
			);
			runOnlyForDeploymentPostprocessing = 0;
		};
		14B4B35D1D2F80D5000C000A /* Resources */ = {
			isa = PBXResourcesBuildPhase;
			buildActionMask = 2147483647;
			files = (
			);
			runOnlyForDeploymentPostprocessing = 0;
		};
/* End PBXResourcesBuildPhase section */

/* Begin PBXShellScriptBuildPhase section */
		2CF06115757925E8F7BB4DD3 /* [CP] Embed Pods Frameworks */ = {
			isa = PBXShellScriptBuildPhase;
			buildActionMask = 2147483647;
			files = (
			);
			inputPaths = (
			);
			name = "[CP] Embed Pods Frameworks";
			outputPaths = (
			);
			runOnlyForDeploymentPostprocessing = 0;
			shellPath = /bin/sh;
			shellScript = "\"${SRCROOT}/Pods/Target Support Files/Pods-PMS/Pods-PMS-frameworks.sh\"\n";
			showEnvVarsInLog = 0;
		};
		B39061CE8AFFA975E8A50189 /* [CP] Copy Pods Resources */ = {
			isa = PBXShellScriptBuildPhase;
			buildActionMask = 2147483647;
			files = (
			);
			inputPaths = (
			);
			name = "[CP] Copy Pods Resources";
			outputPaths = (
			);
			runOnlyForDeploymentPostprocessing = 0;
			shellPath = /bin/sh;
			shellScript = "\"${SRCROOT}/Pods/Target Support Files/Pods-PMS/Pods-PMS-resources.sh\"\n";
			showEnvVarsInLog = 0;
		};
		BAE267E30F58B6FB9B33D0D7 /* [CP] Check Pods Manifest.lock */ = {
			isa = PBXShellScriptBuildPhase;
			buildActionMask = 2147483647;
			files = (
			);
			inputPaths = (
			);
			name = "[CP] Check Pods Manifest.lock";
			outputPaths = (
			);
			runOnlyForDeploymentPostprocessing = 0;
			shellPath = /bin/sh;
			shellScript = "diff \"${PODS_ROOT}/../Podfile.lock\" \"${PODS_ROOT}/Manifest.lock\" > /dev/null\nif [[ $? != 0 ]] ; then\n    cat << EOM\nerror: The sandbox is not in sync with the Podfile.lock. Run 'pod install' or update your CocoaPods installation.\nEOM\n    exit 1\nfi\n";
			showEnvVarsInLog = 0;
		};
/* End PBXShellScriptBuildPhase section */

/* Begin PBXSourcesBuildPhase section */
		14B4B3421D2F80D5000C000A /* Sources */ = {
			isa = PBXSourcesBuildPhase;
			buildActionMask = 2147483647;
			files = (
				043AE72E1D32A6920048C680 /* AddProjectViewController.m in Sources */,
				043AE71A1D3265CB0048C680 /* AFURLSessionManager.m in Sources */,
				043AE7171D3265CB0048C680 /* AFSecurityPolicy.m in Sources */,
				043AE6EC1D320A250048C680 /* AllProjectViewController.m in Sources */,
				043AE71B1D3265CB0048C680 /* FMDatabase.m in Sources */,
				043AE7161D3265CB0048C680 /* AFNetworkReachabilityManager.m in Sources */,
				04935FBF1D30B6E800AC3D07 /* ViewController.m in Sources */,
				043AE6EF1D320A310048C680 /* UserCenterViewController.m in Sources */,
				043AE7231D3265CB0048C680 /* MBProgressHUD.m in Sources */,
				043AE7151D3265CB0048C680 /* AFHTTPSessionManager.m in Sources */,
				043AE71F1D3265CB0048C680 /* FMResultSet.m in Sources */,
				043AE6E61D320A040048C680 /* MyTaskViewController.m in Sources */,
				043AE6D41D3202CA0048C680 /* BaseViewController.m in Sources */,
				043AE6D71D3202FB0048C680 /* LoginViewController.m in Sources */,
				04935FC21D30B6FD00AC3D07 /* RootTabBarController.m in Sources */,
				043AE6E91D320A190048C680 /* AllTaskViewController.m in Sources */,
				043AE6DA1D32030B0048C680 /* RegisterViewController.m in Sources */,
				043AE7181D3265CB0048C680 /* AFURLRequestSerialization.m in Sources */,
				043AE71C1D3265CB0048C680 /* FMDatabaseAdditions.m in Sources */,
				14B4B34F1D2F80D5000C000A /* AppDelegate.m in Sources */,
				043AE7211D3265CB0048C680 /* MBProgressHUD+MJ.m in Sources */,
				043AE71E1D3265CB0048C680 /* FMDatabaseQueue.m in Sources */,
				043AE71D1D3265CB0048C680 /* FMDatabasePool.m in Sources */,
				043AE7191D3265CB0048C680 /* AFURLResponseSerialization.m in Sources */,
				14B4B34C1D2F80D5000C000A /* main.m in Sources */,
				043AE72B1D32859D0048C680 /* TTTAttributedLabel.m in Sources */,
			);
			runOnlyForDeploymentPostprocessing = 0;
		};
		14B4B35B1D2F80D5000C000A /* Sources */ = {
			isa = PBXSourcesBuildPhase;
			buildActionMask = 2147483647;
			files = (
				14B4B3661D2F80D5000C000A /* PMSTests.m in Sources */,
			);
			runOnlyForDeploymentPostprocessing = 0;
		};
/* End PBXSourcesBuildPhase section */

/* Begin PBXTargetDependency section */
		14B4B3611D2F80D5000C000A /* PBXTargetDependency */ = {
			isa = PBXTargetDependency;
			target = 14B4B3451D2F80D5000C000A /* PMS */;
			targetProxy = 14B4B3601D2F80D5000C000A /* PBXContainerItemProxy */;
		};
/* End PBXTargetDependency section */

/* Begin PBXVariantGroup section */
		14B4B3531D2F80D5000C000A /* Main.storyboard */ = {
			isa = PBXVariantGroup;
			children = (
				14B4B3541D2F80D5000C000A /* Base */,
			);
			name = Main.storyboard;
			sourceTree = "<group>";
		};
		14B4B3581D2F80D5000C000A /* LaunchScreen.xib */ = {
			isa = PBXVariantGroup;
			children = (
				14B4B3591D2F80D5000C000A /* Base */,
			);
			name = LaunchScreen.xib;
			sourceTree = "<group>";
		};
/* End PBXVariantGroup section */

/* Begin XCBuildConfiguration section */
		14B4B3671D2F80D5000C000A /* Debug */ = {
			isa = XCBuildConfiguration;
			buildSettings = {
				ALWAYS_SEARCH_USER_PATHS = NO;
				CLANG_CXX_LANGUAGE_STANDARD = "gnu++0x";
				CLANG_CXX_LIBRARY = "libc++";
				CLANG_ENABLE_MODULES = YES;
				CLANG_ENABLE_OBJC_ARC = YES;
				CLANG_WARN_BOOL_CONVERSION = YES;
				CLANG_WARN_CONSTANT_CONVERSION = YES;
				CLANG_WARN_DIRECT_OBJC_ISA_USAGE = YES_ERROR;
				CLANG_WARN_EMPTY_BODY = YES;
				CLANG_WARN_ENUM_CONVERSION = YES;
				CLANG_WARN_INT_CONVERSION = YES;
				CLANG_WARN_OBJC_ROOT_CLASS = YES_ERROR;
				CLANG_WARN_UNREACHABLE_CODE = YES;
				CLANG_WARN__DUPLICATE_METHOD_MATCH = YES;
				"CODE_SIGN_IDENTITY[sdk=iphoneos*]" = "iPhone Developer";
				COPY_PHASE_STRIP = NO;
				DEBUG_INFORMATION_FORMAT = "dwarf-with-dsym";
				ENABLE_STRICT_OBJC_MSGSEND = YES;
				GCC_C_LANGUAGE_STANDARD = gnu99;
				GCC_DYNAMIC_NO_PIC = NO;
				GCC_NO_COMMON_BLOCKS = YES;
				GCC_OPTIMIZATION_LEVEL = 0;
				GCC_PREPROCESSOR_DEFINITIONS = (
					"DEBUG=1",
					"$(inherited)",
				);
				GCC_SYMBOLS_PRIVATE_EXTERN = NO;
				GCC_WARN_64_TO_32_BIT_CONVERSION = YES;
				GCC_WARN_ABOUT_RETURN_TYPE = YES_ERROR;
				GCC_WARN_UNDECLARED_SELECTOR = YES;
				GCC_WARN_UNINITIALIZED_AUTOS = YES_AGGRESSIVE;
				GCC_WARN_UNUSED_FUNCTION = YES;
				GCC_WARN_UNUSED_VARIABLE = YES;
				IPHONEOS_DEPLOYMENT_TARGET = 8.4;
				MTL_ENABLE_DEBUG_INFO = YES;
				ONLY_ACTIVE_ARCH = YES;
				SDKROOT = iphoneos;
			};
			name = Debug;
		};
		14B4B3681D2F80D5000C000A /* Release */ = {
			isa = XCBuildConfiguration;
			buildSettings = {
				ALWAYS_SEARCH_USER_PATHS = NO;
				CLANG_CXX_LANGUAGE_STANDARD = "gnu++0x";
				CLANG_CXX_LIBRARY = "libc++";
				CLANG_ENABLE_MODULES = YES;
				CLANG_ENABLE_OBJC_ARC = YES;
				CLANG_WARN_BOOL_CONVERSION = YES;
				CLANG_WARN_CONSTANT_CONVERSION = YES;
				CLANG_WARN_DIRECT_OBJC_ISA_USAGE = YES_ERROR;
				CLANG_WARN_EMPTY_BODY = YES;
				CLANG_WARN_ENUM_CONVERSION = YES;
				CLANG_WARN_INT_CONVERSION = YES;
				CLANG_WARN_OBJC_ROOT_CLASS = YES_ERROR;
				CLANG_WARN_UNREACHABLE_CODE = YES;
				CLANG_WARN__DUPLICATE_METHOD_MATCH = YES;
				"CODE_SIGN_IDENTITY[sdk=iphoneos*]" = "iPhone Developer";
				COPY_PHASE_STRIP = NO;
				DEBUG_INFORMATION_FORMAT = "dwarf-with-dsym";
				ENABLE_NS_ASSERTIONS = NO;
				ENABLE_STRICT_OBJC_MSGSEND = YES;
				GCC_C_LANGUAGE_STANDARD = gnu99;
				GCC_NO_COMMON_BLOCKS = YES;
				GCC_WARN_64_TO_32_BIT_CONVERSION = YES;
				GCC_WARN_ABOUT_RETURN_TYPE = YES_ERROR;
				GCC_WARN_UNDECLARED_SELECTOR = YES;
				GCC_WARN_UNINITIALIZED_AUTOS = YES_AGGRESSIVE;
				GCC_WARN_UNUSED_FUNCTION = YES;
				GCC_WARN_UNUSED_VARIABLE = YES;
				IPHONEOS_DEPLOYMENT_TARGET = 8.4;
				MTL_ENABLE_DEBUG_INFO = NO;
				SDKROOT = iphoneos;
				VALIDATE_PRODUCT = YES;
			};
			name = Release;
		};
		14B4B36A1D2F80D5000C000A /* Debug */ = {
			isa = XCBuildConfiguration;
			baseConfigurationReference = 70E4FA30ADF3F7D196F8D03A /* Pods-PMS.debug.xcconfig */;
			buildSettings = {
				ASSETCATALOG_COMPILER_APPICON_NAME = AppIcon;
				INFOPLIST_FILE = PMS/Info.plist;
				IPHONEOS_DEPLOYMENT_TARGET = 8.4;
				LD_RUNPATH_SEARCH_PATHS = "$(inherited) @executable_path/Frameworks";
				PRODUCT_NAME = "$(TARGET_NAME)";
			};
			name = Debug;
		};
		14B4B36B1D2F80D5000C000A /* Release */ = {
			isa = XCBuildConfiguration;
			baseConfigurationReference = D18DDCEBE6DBF1F34658A594 /* Pods-PMS.release.xcconfig */;
			buildSettings = {
				ASSETCATALOG_COMPILER_APPICON_NAME = AppIcon;
				INFOPLIST_FILE = PMS/Info.plist;
				IPHONEOS_DEPLOYMENT_TARGET = 8.4;
				LD_RUNPATH_SEARCH_PATHS = "$(inherited) @executable_path/Frameworks";
				PRODUCT_NAME = "$(TARGET_NAME)";
			};
			name = Release;
		};
		14B4B36D1D2F80D5000C000A /* Debug */ = {
			isa = XCBuildConfiguration;
			buildSettings = {
				BUNDLE_LOADER = "$(TEST_HOST)";
				FRAMEWORK_SEARCH_PATHS = (
					"$(SDKROOT)/Developer/Library/Frameworks",
					"$(inherited)",
				);
				GCC_PREPROCESSOR_DEFINITIONS = (
					"DEBUG=1",
					"$(inherited)",
				);
				INFOPLIST_FILE = PMSTests/Info.plist;
				LD_RUNPATH_SEARCH_PATHS = "$(inherited) @executable_path/Frameworks @loader_path/Frameworks";
				PRODUCT_NAME = "$(TARGET_NAME)";
				TEST_HOST = "$(BUILT_PRODUCTS_DIR)/PMS.app/PMS";
			};
			name = Debug;
		};
		14B4B36E1D2F80D5000C000A /* Release */ = {
			isa = XCBuildConfiguration;
			buildSettings = {
				BUNDLE_LOADER = "$(TEST_HOST)";
				FRAMEWORK_SEARCH_PATHS = (
					"$(SDKROOT)/Developer/Library/Frameworks",
					"$(inherited)",
				);
				INFOPLIST_FILE = PMSTests/Info.plist;
				LD_RUNPATH_SEARCH_PATHS = "$(inherited) @executable_path/Frameworks @loader_path/Frameworks";
				PRODUCT_NAME = "$(TARGET_NAME)";
				TEST_HOST = "$(BUILT_PRODUCTS_DIR)/PMS.app/PMS";
			};
			name = Release;
		};
/* End XCBuildConfiguration section */

/* Begin XCConfigurationList section */
		14B4B3411D2F80D5000C000A /* Build configuration list for PBXProject "PMS" */ = {
			isa = XCConfigurationList;
			buildConfigurations = (
				14B4B3671D2F80D5000C000A /* Debug */,
				14B4B3681D2F80D5000C000A /* Release */,
			);
			defaultConfigurationIsVisible = 0;
			defaultConfigurationName = Release;
		};
		14B4B3691D2F80D5000C000A /* Build configuration list for PBXNativeTarget "PMS" */ = {
			isa = XCConfigurationList;
			buildConfigurations = (
				14B4B36A1D2F80D5000C000A /* Debug */,
				14B4B36B1D2F80D5000C000A /* Release */,
			);
			defaultConfigurationIsVisible = 0;
			defaultConfigurationName = Release;
		};
		14B4B36C1D2F80D5000C000A /* Build configuration list for PBXNativeTarget "PMSTests" */ = {
			isa = XCConfigurationList;
			buildConfigurations = (
				14B4B36D1D2F80D5000C000A /* Debug */,
				14B4B36E1D2F80D5000C000A /* Release */,
			);
			defaultConfigurationIsVisible = 0;
			defaultConfigurationName = Release;
		};
/* End XCConfigurationList section */
	};
	rootObject = 14B4B33E1D2F80D5000C000A /* Project object */;
}
